
Microsoft Visual Studio Solution File, Format Version 12.00
# Visual Studio Version 16
VisualStudioVersion = 16.0.30621.155
MinimumVisualStudioVersion = 10.0.40219.1
Project("{FAE04EC0-301F-11D3-BF4B-00C04F79EFBC}") = "FunctionApp", "FunctionApp.csproj", "{04278E0E-06A2-474C-8020-F2AA0596B31A}"
	ProjectSection(ProjectDependencies) = postProject
		{02BE65FD-116C-4FD7-8A7C-1AAEA77F48A1} = {02BE65FD-116C-4FD7-8A7C-1AAEA77F48A1}
	EndProjectSection
EndProject
Project("{FAE04EC0-301F-11D3-BF4B-00C04F79EFBC}") = "FileOperations", "..\File\FileOperations.csproj", "{02BE65FD-116C-4FD7-8A7C-1AAEA77F48A1}"
EndProject
Project("{FAE04EC0-301F-11D3-BF4B-00C04F79EFBC}") = "NUnitTestProject", "..\NUnitTestProject\NUnitTestProject.csproj", "{6C87B9DE-0B67-43CF-82E6-2857C51DC888}"
EndProject
Global
	GlobalSection(SolutionConfigurationPlatforms) = preSolution
		Debug|Any CPU = Debug|Any CPU
		Release|Any CPU = Release|Any CPU
	EndGlobalSection
	GlobalSection(ProjectConfigurationPlatforms) = postSolution
		{04278E0E-06A2-474C-8020-F2AA0596B31A}.Debug|Any CPU.ActiveCfg = Debug|Any CPU
		{04278E0E-06A2-474C-8020-F2AA0596B31A}.Debug|Any CPU.Build.0 = Debug|Any CPU
		{04278E0E-06A2-474C-8020-F2AA0596B31A}.Release|Any CPU.ActiveCfg = Release|Any CPU
		{04278E0E-06A2-474C-8020-F2AA0596B31A}.Release|Any CPU.Build.0 = Release|Any CPU
		{02BE65FD-116C-4FD7-8A7C-1AAEA77F48A1}.Debug|Any CPU.ActiveCfg = Debug|Any CPU
		{02BE65FD-116C-4FD7-8A7C-1AAEA77F48A1}.Debug|Any CPU.Build.0 = Debug|Any CPU
		{02BE65FD-116C-4FD7-8A7C-1AAEA77F48A1}.Release|Any CPU.ActiveCfg = Release|Any CPU
		{02BE65FD-116C-4FD7-8A7C-1AAEA77F48A1}.Release|Any CPU.Build.0 = Release|Any CPU
		{6C87B9DE-0B67-43CF-82E6-2857C51DC888}.Debug|Any CPU.ActiveCfg = Debug|Any CPU
		{6C87B9DE-0B67-43CF-82E6-2857C51DC888}.Debug|Any CPU.Build.0 = Debug|Any CPU
		{6C87B9DE-0B67-43CF-82E6-2857C51DC888}.Release|Any CPU.ActiveCfg = Release|Any CPU
		{6C87B9DE-0B67-43CF-82E6-2857C51DC888}.Release|Any CPU.Build.0 = Release|Any CPU
	EndGlobalSection
	GlobalSection(SolutionProperties) = preSolution
		HideSolutionNode = FALSE
	EndGlobalSection
	GlobalSection(ExtensibilityGlobals) = postSolution
		SolutionGuid = {1BA79B06-EB6C-4394-9D35-637FEA18658A}
	EndGlobalSection
EndGlobal
